
Microsoft Visual Studio Solution File, Format Version 12.00
# Visual Studio Version 17
VisualStudioVersion = 17.9.34902.65
MinimumVisualStudioVersion = 10.0.40219.1
Project("{FAE04EC0-301F-11D3-BF4B-00C04F79EFBC}") = "Specification_C#", "Specification_C#.csproj", "{E299F304-5E26-4C22-91EB-2BA341172073}"
EndProject
Global
	GlobalSection(SolutionConfigurationPlatforms) = preSolution
		Debug|Any CPU = Debug|Any CPU
		Release|Any CPU = Release|Any CPU
	EndGlobalSection
	GlobalSection(ProjectConfigurationPlatforms) = postSolution
		{E299F304-5E26-4C22-91EB-2BA341172073}.Debug|Any CPU.ActiveCfg = Debug|Any CPU
		{E299F304-5E26-4C22-91EB-2BA341172073}.Debug|Any CPU.Build.0 = Debug|Any CPU
		{E299F304-5E26-4C22-91EB-2BA341172073}.Release|Any CPU.ActiveCfg = Release|Any CPU
		{E299F304-5E26-4C22-91EB-2BA341172073}.Release|Any CPU.Build.0 = Release|Any CPU
	EndGlobalSection
	GlobalSection(SolutionProperties) = preSolution
		HideSolutionNode = FALSE
	EndGlobalSection
	GlobalSection(ExtensibilityGlobals) = postSolution
		SolutionGuid = {E48E323B-DE78-4B52-8CF5-40E047A07927}
	EndGlobalSection
EndGlobal
